# THIS IS AN AUTOGENERATED FILE. DO NOT EDIT THIS FILE DIRECTLY.
# yarn lockfile v1


"@rails/ujs@^7.0.2-4":
  version "7.0.2-4"
  resolved "https://registry.yarnpkg.com/@rails/ujs/-/ujs-7.0.2-4.tgz#199b071e9f07c5a341006c368f7adc764dc0a3d9"
  integrity sha512-P5DGRBx0bP/VDqKCWYHNAQQrRuyQ4QXgFwfMPyboBjKyZiaicotm2CYyTLxYX6vbB4RAd33jUaddeeDq8Q/0CA==

rails-ujs@^5.2.7-1:
  version "5.2.7-1"
  resolved "https://registry.yarnpkg.com/rails-ujs/-/rails-ujs-5.2.7-1.tgz#07e43b32ca3b45c0fba378d1c8cc31d03e1077d6"
  integrity sha512-eKJdOJOw/ZQbHy13c0YndwmlLqG+/bI6ScoBsuXTPJGdWpcgl0QOKN5sNPgCLeRhgngk8cqK9La71/E+jRN6uA==
